
Microsoft Visual Studio Solution File, Format Version 12.00
# Visual Studio Version 17
VisualStudioVersion = 17.14.36623.8 d17.14
MinimumVisualStudioVersion = 10.0.40219.1
Project("{FAE04EC0-301F-11D3-BF4B-00C04F79EFBC}") = "sample0415", "sample0415\sample0415.csproj", "{85AE1D53-2A80-4527-8028-9783C001D71D}"
EndProject
Global
	GlobalSection(SolutionConfigurationPlatforms) = preSolution
		Debug|Any CPU = Debug|Any CPU
		Release|Any CPU = Release|Any CPU
	EndGlobalSection
	GlobalSection(ProjectConfigurationPlatforms) = postSolution
		{85AE1D53-2A80-4527-8028-9783C001D71D}.Debug|Any CPU.ActiveCfg = Debug|Any CPU
		{85AE1D53-2A80-4527-8028-9783C001D71D}.Debug|Any CPU.Build.0 = Debug|Any CPU
		{85AE1D53-2A80-4527-8028-9783C001D71D}.Release|Any CPU.ActiveCfg = Release|Any CPU
		{85AE1D53-2A80-4527-8028-9783C001D71D}.Release|Any CPU.Build.0 = Release|Any CPU
	EndGlobalSection
	GlobalSection(SolutionProperties) = preSolution
		HideSolutionNode = FALSE
	EndGlobalSection
	GlobalSection(ExtensibilityGlobals) = postSolution
		SolutionGuid = {12F9E765-CD50-4387-BD39-E719EBD69580}
	EndGlobalSection
EndGlobal
