
Microsoft Visual Studio Solution File, Format Version 12.00
# Visual Studio Version 17
VisualStudioVersion = 17.14.36623.8
MinimumVisualStudioVersion = 10.0.40219.1
Project("{2150E333-8FDC-42A3-9474-1A3956D46DE8}") = "chapter00", "chapter00", "{DDB4EF12-CC4E-5E88-E6FC-71A802F4DE97}"
EndProject
Project("{FAE04EC0-301F-11D3-BF4B-00C04F79EFBC}") = "sample0416", "chapter00\sample0416\sample0416.csproj", "{9089512C-0E33-4BEB-A4B0-A244C2DA7A72}"
EndProject
Project("{FAE04EC0-301F-11D3-BF4B-00C04F79EFBC}") = "sample0415", "sample0415\sample0415\sample0415.csproj", "{C122D11C-26BC-FA15-8DEA-3C5295D6C490}"
EndProject
Project("{FAE04EC0-301F-11D3-BF4B-00C04F79EFBC}") = "sample0413", "sample0413\sample0413\sample0413.csproj", "{DEF6A562-2E85-56D6-5E83-A75E175B449B}"
EndProject
Project("{2150E333-8FDC-42A3-9474-1A3956D46DE8}") = "chapter01", "chapter01", "{0473F3A9-BF22-48D7-8B9D-8B65255EF2A6}"
EndProject
Project("{2150E333-8FDC-42A3-9474-1A3956D46DE8}") = "chapter02", "chapter02", "{EEDDF83D-2C16-42B0-9E98-DD21A93B5923}"
EndProject
Project("{2150E333-8FDC-42A3-9474-1A3956D46DE8}") = "kyorikannsannpuroguramu", "kyorikannsannpuroguramu", "{F8D52927-6E47-44B7-938B-9B6F5372A8BD}"
EndProject
Project("{FAE04EC0-301F-11D3-BF4B-00C04F79EFBC}") = "distanceconverter", "chapter02\距離感さんプログラム\distanceconverter\distanceconverter.csproj", "{7C64BA69-D283-4526-8DE2-7CB72205F1AF}"
EndProject
Global
	GlobalSection(SolutionConfigurationPlatforms) = preSolution
		Debug|Any CPU = Debug|Any CPU
		Release|Any CPU = Release|Any CPU
	EndGlobalSection
	GlobalSection(ProjectConfigurationPlatforms) = postSolution
		{9089512C-0E33-4BEB-A4B0-A244C2DA7A72}.Debug|Any CPU.ActiveCfg = Debug|Any CPU
		{9089512C-0E33-4BEB-A4B0-A244C2DA7A72}.Debug|Any CPU.Build.0 = Debug|Any CPU
		{9089512C-0E33-4BEB-A4B0-A244C2DA7A72}.Release|Any CPU.ActiveCfg = Release|Any CPU
		{9089512C-0E33-4BEB-A4B0-A244C2DA7A72}.Release|Any CPU.Build.0 = Release|Any CPU
		{C122D11C-26BC-FA15-8DEA-3C5295D6C490}.Debug|Any CPU.ActiveCfg = Debug|Any CPU
		{C122D11C-26BC-FA15-8DEA-3C5295D6C490}.Debug|Any CPU.Build.0 = Debug|Any CPU
		{C122D11C-26BC-FA15-8DEA-3C5295D6C490}.Release|Any CPU.ActiveCfg = Release|Any CPU
		{C122D11C-26BC-FA15-8DEA-3C5295D6C490}.Release|Any CPU.Build.0 = Release|Any CPU
		{DEF6A562-2E85-56D6-5E83-A75E175B449B}.Debug|Any CPU.ActiveCfg = Debug|Any CPU
		{DEF6A562-2E85-56D6-5E83-A75E175B449B}.Debug|Any CPU.Build.0 = Debug|Any CPU
		{DEF6A562-2E85-56D6-5E83-A75E175B449B}.Release|Any CPU.ActiveCfg = Release|Any CPU
		{DEF6A562-2E85-56D6-5E83-A75E175B449B}.Release|Any CPU.Build.0 = Release|Any CPU
		{7C64BA69-D283-4526-8DE2-7CB72205F1AF}.Debug|Any CPU.ActiveCfg = Debug|Any CPU
		{7C64BA69-D283-4526-8DE2-7CB72205F1AF}.Debug|Any CPU.Build.0 = Debug|Any CPU
		{7C64BA69-D283-4526-8DE2-7CB72205F1AF}.Release|Any CPU.ActiveCfg = Release|Any CPU
		{7C64BA69-D283-4526-8DE2-7CB72205F1AF}.Release|Any CPU.Build.0 = Release|Any CPU
	EndGlobalSection
	GlobalSection(SolutionProperties) = preSolution
		HideSolutionNode = FALSE
	EndGlobalSection
	GlobalSection(NestedProjects) = preSolution
		{9089512C-0E33-4BEB-A4B0-A244C2DA7A72} = {DDB4EF12-CC4E-5E88-E6FC-71A802F4DE97}
		{C122D11C-26BC-FA15-8DEA-3C5295D6C490} = {DDB4EF12-CC4E-5E88-E6FC-71A802F4DE97}
		{DEF6A562-2E85-56D6-5E83-A75E175B449B} = {DDB4EF12-CC4E-5E88-E6FC-71A802F4DE97}
		{F8D52927-6E47-44B7-938B-9B6F5372A8BD} = {EEDDF83D-2C16-42B0-9E98-DD21A93B5923}
		{7C64BA69-D283-4526-8DE2-7CB72205F1AF} = {F8D52927-6E47-44B7-938B-9B6F5372A8BD}
	EndGlobalSection
	GlobalSection(ExtensibilityGlobals) = postSolution
		SolutionGuid = {43EB0410-663A-4508-A050-B7D97B488933}
	EndGlobalSection
EndGlobal
