
Microsoft Visual Studio Solution File, Format Version 12.00
# Visual Studio Version 17
VisualStudioVersion = 17.14.36623.8
MinimumVisualStudioVersion = 10.0.40219.1
Project("{2150E333-8FDC-42A3-9474-1A3956D46DE8}") = "chapter00", "chapter00", "{DDB4EF12-CC4E-5E88-E6FC-71A802F4DE97}"
EndProject
Project("{FAE04EC0-301F-11D3-BF4B-00C04F79EFBC}") = "sample0416", "chapter00\sample0416\sample0416.csproj", "{9089512C-0E33-4BEB-A4B0-A244C2DA7A72}"
EndProject
Project("{FAE04EC0-301F-11D3-BF4B-00C04F79EFBC}") = "sample0415", "sample0415\sample0415\sample0415.csproj", "{C122D11C-26BC-FA15-8DEA-3C5295D6C490}"
EndProject
Project("{FAE04EC0-301F-11D3-BF4B-00C04F79EFBC}") = "sample0413", "sample0413\sample0413\sample0413.csproj", "{DEF6A562-2E85-56D6-5E83-A75E175B449B}"
EndProject
Project("{2150E333-8FDC-42A3-9474-1A3956D46DE8}") = "chapter01", "chapter01", "{0473F3A9-BF22-48D7-8B9D-8B65255EF2A6}"
EndProject
Project("{2150E333-8FDC-42A3-9474-1A3956D46DE8}") = "chapter02", "chapter02", "{EEDDF83D-2C16-42B0-9E98-DD21A93B5923}"
EndProject
Project("{2150E333-8FDC-42A3-9474-1A3956D46DE8}") = "kyorikannsannpuroguramu", "kyorikannsannpuroguramu", "{F8D52927-6E47-44B7-938B-9B6F5372A8BD}"
EndProject
Project("{FAE04EC0-301F-11D3-BF4B-00C04F79EFBC}") = "distanceconverter", "chapter02\距離感さんプログラム\distanceconverter\distanceconverter.csproj", "{7C64BA69-D283-4526-8DE2-7CB72205F1AF}"
EndProject
Project("{2150E333-8FDC-42A3-9474-1A3956D46DE8}") = "chapter04", "chapter04", "{FDAAE8C8-E005-4EAE-A45C-BBE6245E04C8}"
EndProject
Project("{2150E333-8FDC-42A3-9474-1A3956D46DE8}") = "文字列@p108", "文字列@p108", "{B9B34EAB-B4EB-4731-A641-231C80218F50}"
EndProject
Project("{FAE04EC0-301F-11D3-BF4B-00C04F79EFBC}") = "ko-do4_34", "chapter04\文字列@p108\ko-do4_34\ko-do4_34.csproj", "{162A57EC-A68D-49BA-9452-ED37921080B5}"
EndProject
Project("{2150E333-8FDC-42A3-9474-1A3956D46DE8}") = "uriagef", "uriagef", "{CA05F54E-AB12-46D3-9005-128CF5F4F679}"
EndProject
Project("{FAE04EC0-301F-11D3-BF4B-00C04F79EFBC}") = "SaleCalculder", "chapter02\集計\SaleCalculder\SaleCalculder.csproj", "{2E0975E7-B2CE-4200-ADA7-DDF75DC0D1E3}"
EndProject
Project("{2150E333-8FDC-42A3-9474-1A3956D46DE8}") = "演習問題", "演習問題", "{AF3A1593-75C9-449F-ADEE-0889ADE7EF86}"
EndProject
Project("{FAE04EC0-301F-11D3-BF4B-00C04F79EFBC}") = "exercise01", "chapter02\演習問題\exercise01\exercise01.csproj", "{526B4DB4-BFA3-4C08-A79C-6AAE881A1F15}"
EndProject
Project("{FAE04EC0-301F-11D3-BF4B-00C04F79EFBC}") = "exiciez2", "chapter02\演習問題\exesrics02\exiciez2\exiciez2.csproj", "{E24627D3-C159-495E-B9EC-29632A75D197}"
EndProject
Project("{2150E333-8FDC-42A3-9474-1A3956D46DE8}") = "c", "c", "{8B1AEADA-A005-4F94-87D5-DC6C0B3FA814}"
EndProject
Project("{2150E333-8FDC-42A3-9474-1A3956D46DE8}") = "Chapter03", "Chapter03", "{727531ED-BA06-4A32-8A1C-C63467D9EE7F}"
EndProject
Project("{2150E333-8FDC-42A3-9474-1A3956D46DE8}") = "ラムダ式とリンク", "ラムダ式とリンク", "{3516765F-1D5A-4815-B9BF-DE91767CA8AC}"
EndProject
Project("{FAE04EC0-301F-11D3-BF4B-00C04F79EFBC}") = "section01", "Chapter03\ラムダ式とリンク\section01\section01.csproj", "{22674DCF-0E5A-4730-B758-8F564B4A5ED1}"
EndProject
Project("{FAE04EC0-301F-11D3-BF4B-00C04F79EFBC}") = "section04", "Chapter03\ラムダ式とリンク\section04\section04\section04.csproj", "{83DC59A6-B226-4194-B79E-AE8EBB5B1F34}"
EndProject
Project("{2150E333-8FDC-42A3-9474-1A3956D46DE8}") = "演習問題", "演習問題", "{4B417DBE-E07F-4C37-AC78-C0F16AABE5BE}"
EndProject
Project("{FAE04EC0-301F-11D3-BF4B-00C04F79EFBC}") = "exisis01", "Chapter03\演習問題\exisis01\exisis01.csproj", "{999FF9C8-AA2F-4101-BC67-7D85E4B96B4C}"
EndProject
Project("{FAE04EC0-301F-11D3-BF4B-00C04F79EFBC}") = "exisis02", "Chapter03\演習問題\exisis02\exisis02.csproj", "{7A436CC2-E6BB-4A59-89E1-8E8B89966A87}"
EndProject
Project("{2150E333-8FDC-42A3-9474-1A3956D46DE8}") = "Solution Items", "Solution Items", "{71F70DDB-5F79-4907-AD80-9E78548882A0}"
	ProjectSection(SolutionItems) = preProject
		.editorconfig = .editorconfig
	EndProjectSection
EndProject
Project("{2150E333-8FDC-42A3-9474-1A3956D46DE8}") = "0000NULL意で亜夢1", "0000NULL意で亜夢1", "{3FACCE6A-3503-4EEC-B5B5-B92CDC9B06C6}"
EndProject
Project("{FAE04EC0-301F-11D3-BF4B-00C04F79EFBC}") = "secsion04", "chapter04\NULLに関数類であ\secsion04\secsion04.csproj", "{6AD04D90-7ED6-49D5-9C82-2DFFAD1FE1A4}"
EndProject
Project("{2150E333-8FDC-42A3-9474-1A3956D46DE8}") = "mondai", "mondai", "{2DFE39EE-192F-43DF-A5C8-1CA3D79CF689}"
EndProject
Project("{FAE04EC0-301F-11D3-BF4B-00C04F79EFBC}") = "ekusasaizu4,1", "chapter04\mondai\ekusasaizu4,1\ekusasaizu4,1.csproj", "{F47B2F40-A668-48BF-8BB0-4F9D66327E5D}"
EndProject
Project("{FAE04EC0-301F-11D3-BF4B-00C04F79EFBC}") = "exiise2", "chapter04\mondai\exiise2\exiise2.csproj", "{56517D17-60CE-4BF9-8C5F-2E916A51FEA1}"
EndProject
Project("{2150E333-8FDC-42A3-9474-1A3956D46DE8}") = "新しいフォルダー1", "新しいフォルダー1", "{FF6681A6-B094-4ECD-977A-B4B552349727}"
EndProject
Project("{2150E333-8FDC-42A3-9474-1A3956D46DE8}") = "Chapter05", "Chapter05", "{A410CEDF-3CAC-43A3-B83A-9AF53D6E43BF}"
EndProject
Project("{2150E333-8FDC-42A3-9474-1A3956D46DE8}") = "プロパテイ", "プロパテイ", "{909FCE52-8DF2-4286-B16E-D6495F6D43AD}"
EndProject
Project("{FAE04EC0-301F-11D3-BF4B-00C04F79EFBC}") = "secction1", "Chapter05\プロパティ\secction1\secction1.csproj", "{8DAEBF2C-9916-4418-9D3E-9ECADC54451E}"
EndProject
Project("{2150E333-8FDC-42A3-9474-1A3956D46DE8}") = "メソッド", "メソッド", "{FC2E60AA-E168-452D-8E46-C8F4E606BD48}"
EndProject
Project("{FAE04EC0-301F-11D3-BF4B-00C04F79EFBC}") = "secction02", "Chapter05\メソッド\secction02\secction02.csproj", "{71CBED0F-5830-4D30-9A89-D62E620AC2E7}"
EndProject
Project("{2150E333-8FDC-42A3-9474-1A3956D46DE8}") = "演習問題", "演習問題", "{6A1C72E1-2214-4E89-8B2E-7CF36B117F90}"
EndProject
Project("{FAE04EC0-301F-11D3-BF4B-00C04F79EFBC}") = "Exercise01", "Chapter05\演習問題\演習問題\Exercise01\Exercise01.csproj", "{86A39076-1D68-C09E-681B-A7BDF9E3B006}"
EndProject
Project("{FAE04EC0-301F-11D3-BF4B-00C04F79EFBC}") = "Exercise02", "Chapter05\演習問題\演習問題\Exercise02\Exercise02.csproj", "{E6AAAE7F-925F-AE57-2239-D529BD25A767}"
EndProject
Project("{FAE04EC0-301F-11D3-BF4B-00C04F79EFBC}") = "Exercise03", "Chapter05\ensyuumondai\exicie03\Exercise03.csproj", "{F7E8B983-71F8-409A-8BF3-910810B7AB0F}"
	ProjectSection(ProjectDependencies) = postProject
		{86A39076-1D68-C09E-681B-A7BDF9E3B006} = {86A39076-1D68-C09E-681B-A7BDF9E3B006}
	EndProjectSection
EndProject
Project("{2150E333-8FDC-42A3-9474-1A3956D46DE8}") = "Chapter06", "Chapter06", "{9C6E5D36-6045-4B5A-B424-93FB7AF8E5A4}"
EndProject
Project("{2150E333-8FDC-42A3-9474-1A3956D46DE8}") = "文字列の比較", "文字列の比較", "{6A4EAB60-4A86-4B41-A3E1-7A937C1F0694}"
EndProject
Project("{FAE04EC0-301F-11D3-BF4B-00C04F79EFBC}") = "section01", "Chapter06\文字列の比較\section01\section01.csproj", "{E6B406ED-DE30-4A17-8CC9-F32CB14D8DAF}"
EndProject
Project("{2150E333-8FDC-42A3-9474-1A3956D46DE8}") = "演習問題", "演習問題", "{03C4999E-AFB0-4740-9613-D9294BA372D5}"
EndProject
Project("{FAE04EC0-301F-11D3-BF4B-00C04F79EFBC}") = "exersise", "Chapter06\演習問題\exersise\exersise.csproj", "{23D981F6-BDAB-4BF9-867F-987B1158AE9F}"
EndProject
Project("{FAE04EC0-301F-11D3-BF4B-00C04F79EFBC}") = "exesise02", "Chapter06\演習問題\exesise02\exesise02.csproj", "{3696425A-420C-BF30-513B-BD7E1004CF9C}"
EndProject
Project("{FAE04EC0-301F-11D3-BF4B-00C04F79EFBC}") = "Exercise03", "Chapter06\演習問題\Exercise03\Exercise03.csproj", "{766DC129-B7E6-6BE5-67FF-02794A6C9D6A}"
EndProject
Project("{2150E333-8FDC-42A3-9474-1A3956D46DE8}") = "文字列の分割連結", "文字列の分割連結", "{4A4D3C97-F6DB-4B50-A117-EDC85CD4D0EC}"
EndProject
Project("{FAE04EC0-301F-11D3-BF4B-00C04F79EFBC}") = "section05", "Chapter06\文字列の分割と連結\section05\section05.csproj", "{E8DB1054-400F-48C3-B876-5CCEF138CC3E}"
EndProject
Project("{FAE04EC0-301F-11D3-BF4B-00C04F79EFBC}") = "Exercise04", "Chapter06\演習問題\Exercise04\Exercise04.csproj", "{8758FBDB-9295-0DA5-31B6-DA01667F06FB}"
EndProject
Project("{2150E333-8FDC-42A3-9474-1A3956D46DE8}") = "Chapter07", "Chapter07", "{85F9C558-D556-4B53-9A26-4BFA77D3DFB5}"
EndProject
Project("{2150E333-8FDC-42A3-9474-1A3956D46DE8}") = "演習問題", "演習問題", "{978F02BD-64D6-4AF2-A180-D3EA9756AD9E}"
EndProject
Project("{FAE04EC0-301F-11D3-BF4B-00C04F79EFBC}") = "Section01", "Chapter07\新しいフォルダー\section01\Section01.csproj", "{1C333AA2-315B-4177-90C5-20815E45E60F}"
EndProject
Project("{FAE04EC0-301F-11D3-BF4B-00C04F79EFBC}") = "Exercise01", "Chapter07\演習問題\Exercise01\Exercise01.csproj", "{4A5E0D6C-0644-4551-BAD2-9010E0A5B144}"
EndProject
Project("{FAE04EC0-301F-11D3-BF4B-00C04F79EFBC}") = "Exercise02", "Chapter07\演習問題\Exercise02\Exercise02.csproj", "{09D01F2D-A9C1-7ADF-ACF0-6CE8655624B3}"
EndProject
Project("{2150E333-8FDC-42A3-9474-1A3956D46DE8}") = "TestProject", "TestProject", "{659B25DB-EE3D-4741-9789-E4F5CD22BC7D}"
EndProject
Project("{FAE04EC0-301F-11D3-BF4B-00C04F79EFBC}") = "Test01_01", "TestProject\Test01_01\Test01_01.csproj", "{B8441293-5D7D-B752-6216-4C5005BF772D}"
EndProject
Project("{FAE04EC0-301F-11D3-BF4B-00C04F79EFBC}") = "Test01_02", "TestProject\Test01_02\Test01_02.csproj", "{D7F347E4-C87C-CC1A-89F8-6D28A7CCB4B3}"
EndProject
Project("{2150E333-8FDC-42A3-9474-1A3956D46DE8}") = "Chapter08", "Chapter08", "{E08C5B24-9419-4C4D-A47E-2412BCBAE411}"
	ProjectSection(SolutionItems) = preProject
		WardsExtracter = WardsExtracter
	EndProjectSection
EndProject
Project("{FAE04EC0-301F-11D3-BF4B-00C04F79EFBC}") = "Section01", "Chapter08\Section01\Section01.csproj", "{4303A972-6789-4373-9E70-513461A1689F}"
EndProject
Project("{FAE04EC0-301F-11D3-BF4B-00C04F79EFBC}") = "Section02", "Chapter08\Section02\Section02.csproj", "{45E1CFB6-DFB3-49E1-9148-87FD9A972413}"
EndProject
Project("{FAE04EC0-301F-11D3-BF4B-00C04F79EFBC}") = "Section03", "Chapter08\Section03\Section03.csproj", "{CC678E31-A928-4480-9C40-7959D1615F77}"
EndProject
Project("{2150E333-8FDC-42A3-9474-1A3956D46DE8}") = "演習問題", "演習問題", "{9167E765-9C34-47BA-8D9C-0B326402E99C}"
EndProject
Project("{FAE04EC0-301F-11D3-BF4B-00C04F79EFBC}") = "Exicise01", "Chapter08\演習問題\Exicise01\Exicise01.csproj", "{C7259701-A601-41FD-8593-ABA0F8C4C250}"
EndProject
Project("{FAE04EC0-301F-11D3-BF4B-00C04F79EFBC}") = "Exercise02", "Chapter08\Exercise02\Exercise02.csproj", "{E0ADCA45-F983-8D64-E74B-D117D38989BD}"
EndProject
Project("{2150E333-8FDC-42A3-9474-1A3956D46DE8}") = "Chapter09", "Chapter09", "{7EE3EC36-7872-4491-AF49-5FB8BB84E36F}"
EndProject
Project("{FAE04EC0-301F-11D3-BF4B-00C04F79EFBC}") = "Section01", "Chapter09\Section01\Section01.csproj", "{0B3D2F95-B6AD-4F2E-B647-CB664872C636}"
EndProject
Project("{2150E333-8FDC-42A3-9474-1A3956D46DE8}") = "演習問題", "演習問題", "{97C018AF-7D9F-451D-A31E-88A41474EDA3}"
EndProject
Project("{FAE04EC0-301F-11D3-BF4B-00C04F79EFBC}") = "Exercise01", "Chapter09\演習問題\Exercise01\Exercise01.csproj", "{568C6080-A755-44E3-9EB5-EA79E678AB61}"
EndProject
Project("{FAE04EC0-301F-11D3-BF4B-00C04F79EFBC}") = "Exercise03", "Chapter09\演習問題\Exercise03\Exercise03.csproj", "{13EA441B-E72F-5CA2-D5D4-B3F52139D7CF}"
EndProject
Global
	GlobalSection(SolutionConfigurationPlatforms) = preSolution
		Debug|Any CPU = Debug|Any CPU
		Release|Any CPU = Release|Any CPU
	EndGlobalSection
	GlobalSection(ProjectConfigurationPlatforms) = postSolution
		{9089512C-0E33-4BEB-A4B0-A244C2DA7A72}.Debug|Any CPU.ActiveCfg = Debug|Any CPU
		{9089512C-0E33-4BEB-A4B0-A244C2DA7A72}.Debug|Any CPU.Build.0 = Debug|Any CPU
		{9089512C-0E33-4BEB-A4B0-A244C2DA7A72}.Release|Any CPU.ActiveCfg = Release|Any CPU
		{9089512C-0E33-4BEB-A4B0-A244C2DA7A72}.Release|Any CPU.Build.0 = Release|Any CPU
		{C122D11C-26BC-FA15-8DEA-3C5295D6C490}.Debug|Any CPU.ActiveCfg = Debug|Any CPU
		{C122D11C-26BC-FA15-8DEA-3C5295D6C490}.Debug|Any CPU.Build.0 = Debug|Any CPU
		{C122D11C-26BC-FA15-8DEA-3C5295D6C490}.Release|Any CPU.ActiveCfg = Release|Any CPU
		{C122D11C-26BC-FA15-8DEA-3C5295D6C490}.Release|Any CPU.Build.0 = Release|Any CPU
		{DEF6A562-2E85-56D6-5E83-A75E175B449B}.Debug|Any CPU.ActiveCfg = Debug|Any CPU
		{DEF6A562-2E85-56D6-5E83-A75E175B449B}.Debug|Any CPU.Build.0 = Debug|Any CPU
		{DEF6A562-2E85-56D6-5E83-A75E175B449B}.Release|Any CPU.ActiveCfg = Release|Any CPU
		{DEF6A562-2E85-56D6-5E83-A75E175B449B}.Release|Any CPU.Build.0 = Release|Any CPU
		{7C64BA69-D283-4526-8DE2-7CB72205F1AF}.Debug|Any CPU.ActiveCfg = Debug|Any CPU
		{7C64BA69-D283-4526-8DE2-7CB72205F1AF}.Debug|Any CPU.Build.0 = Debug|Any CPU
		{7C64BA69-D283-4526-8DE2-7CB72205F1AF}.Release|Any CPU.ActiveCfg = Release|Any CPU
		{7C64BA69-D283-4526-8DE2-7CB72205F1AF}.Release|Any CPU.Build.0 = Release|Any CPU
		{162A57EC-A68D-49BA-9452-ED37921080B5}.Debug|Any CPU.ActiveCfg = Debug|Any CPU
		{162A57EC-A68D-49BA-9452-ED37921080B5}.Debug|Any CPU.Build.0 = Debug|Any CPU
		{162A57EC-A68D-49BA-9452-ED37921080B5}.Release|Any CPU.ActiveCfg = Release|Any CPU
		{162A57EC-A68D-49BA-9452-ED37921080B5}.Release|Any CPU.Build.0 = Release|Any CPU
		{2E0975E7-B2CE-4200-ADA7-DDF75DC0D1E3}.Debug|Any CPU.ActiveCfg = Debug|Any CPU
		{2E0975E7-B2CE-4200-ADA7-DDF75DC0D1E3}.Debug|Any CPU.Build.0 = Debug|Any CPU
		{2E0975E7-B2CE-4200-ADA7-DDF75DC0D1E3}.Release|Any CPU.ActiveCfg = Release|Any CPU
		{2E0975E7-B2CE-4200-ADA7-DDF75DC0D1E3}.Release|Any CPU.Build.0 = Release|Any CPU
		{526B4DB4-BFA3-4C08-A79C-6AAE881A1F15}.Debug|Any CPU.ActiveCfg = Debug|Any CPU
		{526B4DB4-BFA3-4C08-A79C-6AAE881A1F15}.Debug|Any CPU.Build.0 = Debug|Any CPU
		{526B4DB4-BFA3-4C08-A79C-6AAE881A1F15}.Release|Any CPU.ActiveCfg = Release|Any CPU
		{526B4DB4-BFA3-4C08-A79C-6AAE881A1F15}.Release|Any CPU.Build.0 = Release|Any CPU
		{E24627D3-C159-495E-B9EC-29632A75D197}.Debug|Any CPU.ActiveCfg = Debug|Any CPU
		{E24627D3-C159-495E-B9EC-29632A75D197}.Debug|Any CPU.Build.0 = Debug|Any CPU
		{E24627D3-C159-495E-B9EC-29632A75D197}.Release|Any CPU.ActiveCfg = Release|Any CPU
		{E24627D3-C159-495E-B9EC-29632A75D197}.Release|Any CPU.Build.0 = Release|Any CPU
		{22674DCF-0E5A-4730-B758-8F564B4A5ED1}.Debug|Any CPU.ActiveCfg = Debug|Any CPU
		{22674DCF-0E5A-4730-B758-8F564B4A5ED1}.Debug|Any CPU.Build.0 = Debug|Any CPU
		{22674DCF-0E5A-4730-B758-8F564B4A5ED1}.Release|Any CPU.ActiveCfg = Release|Any CPU
		{22674DCF-0E5A-4730-B758-8F564B4A5ED1}.Release|Any CPU.Build.0 = Release|Any CPU
		{83DC59A6-B226-4194-B79E-AE8EBB5B1F34}.Debug|Any CPU.ActiveCfg = Debug|Any CPU
		{83DC59A6-B226-4194-B79E-AE8EBB5B1F34}.Debug|Any CPU.Build.0 = Debug|Any CPU
		{83DC59A6-B226-4194-B79E-AE8EBB5B1F34}.Release|Any CPU.ActiveCfg = Release|Any CPU
		{83DC59A6-B226-4194-B79E-AE8EBB5B1F34}.Release|Any CPU.Build.0 = Release|Any CPU
		{999FF9C8-AA2F-4101-BC67-7D85E4B96B4C}.Debug|Any CPU.ActiveCfg = Debug|Any CPU
		{999FF9C8-AA2F-4101-BC67-7D85E4B96B4C}.Debug|Any CPU.Build.0 = Debug|Any CPU
		{999FF9C8-AA2F-4101-BC67-7D85E4B96B4C}.Release|Any CPU.ActiveCfg = Release|Any CPU
		{999FF9C8-AA2F-4101-BC67-7D85E4B96B4C}.Release|Any CPU.Build.0 = Release|Any CPU
		{7A436CC2-E6BB-4A59-89E1-8E8B89966A87}.Debug|Any CPU.ActiveCfg = Debug|Any CPU
		{7A436CC2-E6BB-4A59-89E1-8E8B89966A87}.Debug|Any CPU.Build.0 = Debug|Any CPU
		{7A436CC2-E6BB-4A59-89E1-8E8B89966A87}.Release|Any CPU.ActiveCfg = Release|Any CPU
		{7A436CC2-E6BB-4A59-89E1-8E8B89966A87}.Release|Any CPU.Build.0 = Release|Any CPU
		{6AD04D90-7ED6-49D5-9C82-2DFFAD1FE1A4}.Debug|Any CPU.ActiveCfg = Debug|Any CPU
		{6AD04D90-7ED6-49D5-9C82-2DFFAD1FE1A4}.Debug|Any CPU.Build.0 = Debug|Any CPU
		{6AD04D90-7ED6-49D5-9C82-2DFFAD1FE1A4}.Release|Any CPU.ActiveCfg = Release|Any CPU
		{6AD04D90-7ED6-49D5-9C82-2DFFAD1FE1A4}.Release|Any CPU.Build.0 = Release|Any CPU
		{F47B2F40-A668-48BF-8BB0-4F9D66327E5D}.Debug|Any CPU.ActiveCfg = Debug|Any CPU
		{F47B2F40-A668-48BF-8BB0-4F9D66327E5D}.Debug|Any CPU.Build.0 = Debug|Any CPU
		{F47B2F40-A668-48BF-8BB0-4F9D66327E5D}.Release|Any CPU.ActiveCfg = Release|Any CPU
		{F47B2F40-A668-48BF-8BB0-4F9D66327E5D}.Release|Any CPU.Build.0 = Release|Any CPU
		{56517D17-60CE-4BF9-8C5F-2E916A51FEA1}.Debug|Any CPU.ActiveCfg = Debug|Any CPU
		{56517D17-60CE-4BF9-8C5F-2E916A51FEA1}.Debug|Any CPU.Build.0 = Debug|Any CPU
		{56517D17-60CE-4BF9-8C5F-2E916A51FEA1}.Release|Any CPU.ActiveCfg = Release|Any CPU
		{56517D17-60CE-4BF9-8C5F-2E916A51FEA1}.Release|Any CPU.Build.0 = Release|Any CPU
		{8DAEBF2C-9916-4418-9D3E-9ECADC54451E}.Debug|Any CPU.ActiveCfg = Debug|Any CPU
		{8DAEBF2C-9916-4418-9D3E-9ECADC54451E}.Debug|Any CPU.Build.0 = Debug|Any CPU
		{8DAEBF2C-9916-4418-9D3E-9ECADC54451E}.Release|Any CPU.ActiveCfg = Release|Any CPU
		{8DAEBF2C-9916-4418-9D3E-9ECADC54451E}.Release|Any CPU.Build.0 = Release|Any CPU
		{71CBED0F-5830-4D30-9A89-D62E620AC2E7}.Debug|Any CPU.ActiveCfg = Debug|Any CPU
		{71CBED0F-5830-4D30-9A89-D62E620AC2E7}.Debug|Any CPU.Build.0 = Debug|Any CPU
		{71CBED0F-5830-4D30-9A89-D62E620AC2E7}.Release|Any CPU.ActiveCfg = Release|Any CPU
		{71CBED0F-5830-4D30-9A89-D62E620AC2E7}.Release|Any CPU.Build.0 = Release|Any CPU
		{86A39076-1D68-C09E-681B-A7BDF9E3B006}.Debug|Any CPU.ActiveCfg = Debug|Any CPU
		{86A39076-1D68-C09E-681B-A7BDF9E3B006}.Debug|Any CPU.Build.0 = Debug|Any CPU
		{86A39076-1D68-C09E-681B-A7BDF9E3B006}.Release|Any CPU.ActiveCfg = Release|Any CPU
		{86A39076-1D68-C09E-681B-A7BDF9E3B006}.Release|Any CPU.Build.0 = Release|Any CPU
		{E6AAAE7F-925F-AE57-2239-D529BD25A767}.Debug|Any CPU.ActiveCfg = Debug|Any CPU
		{E6AAAE7F-925F-AE57-2239-D529BD25A767}.Debug|Any CPU.Build.0 = Debug|Any CPU
		{E6AAAE7F-925F-AE57-2239-D529BD25A767}.Release|Any CPU.ActiveCfg = Release|Any CPU
		{E6AAAE7F-925F-AE57-2239-D529BD25A767}.Release|Any CPU.Build.0 = Release|Any CPU
		{F7E8B983-71F8-409A-8BF3-910810B7AB0F}.Debug|Any CPU.ActiveCfg = Debug|Any CPU
		{F7E8B983-71F8-409A-8BF3-910810B7AB0F}.Debug|Any CPU.Build.0 = Debug|Any CPU
		{F7E8B983-71F8-409A-8BF3-910810B7AB0F}.Release|Any CPU.ActiveCfg = Release|Any CPU
		{F7E8B983-71F8-409A-8BF3-910810B7AB0F}.Release|Any CPU.Build.0 = Release|Any CPU
		{E6B406ED-DE30-4A17-8CC9-F32CB14D8DAF}.Debug|Any CPU.ActiveCfg = Debug|Any CPU
		{E6B406ED-DE30-4A17-8CC9-F32CB14D8DAF}.Debug|Any CPU.Build.0 = Debug|Any CPU
		{E6B406ED-DE30-4A17-8CC9-F32CB14D8DAF}.Release|Any CPU.ActiveCfg = Release|Any CPU
		{E6B406ED-DE30-4A17-8CC9-F32CB14D8DAF}.Release|Any CPU.Build.0 = Release|Any CPU
		{23D981F6-BDAB-4BF9-867F-987B1158AE9F}.Debug|Any CPU.ActiveCfg = Debug|Any CPU
		{23D981F6-BDAB-4BF9-867F-987B1158AE9F}.Debug|Any CPU.Build.0 = Debug|Any CPU
		{23D981F6-BDAB-4BF9-867F-987B1158AE9F}.Release|Any CPU.ActiveCfg = Release|Any CPU
		{23D981F6-BDAB-4BF9-867F-987B1158AE9F}.Release|Any CPU.Build.0 = Release|Any CPU
		{3696425A-420C-BF30-513B-BD7E1004CF9C}.Debug|Any CPU.ActiveCfg = Debug|Any CPU
		{3696425A-420C-BF30-513B-BD7E1004CF9C}.Debug|Any CPU.Build.0 = Debug|Any CPU
		{3696425A-420C-BF30-513B-BD7E1004CF9C}.Release|Any CPU.ActiveCfg = Release|Any CPU
		{3696425A-420C-BF30-513B-BD7E1004CF9C}.Release|Any CPU.Build.0 = Release|Any CPU
		{766DC129-B7E6-6BE5-67FF-02794A6C9D6A}.Debug|Any CPU.ActiveCfg = Debug|Any CPU
		{766DC129-B7E6-6BE5-67FF-02794A6C9D6A}.Debug|Any CPU.Build.0 = Debug|Any CPU
		{766DC129-B7E6-6BE5-67FF-02794A6C9D6A}.Release|Any CPU.ActiveCfg = Release|Any CPU
		{766DC129-B7E6-6BE5-67FF-02794A6C9D6A}.Release|Any CPU.Build.0 = Release|Any CPU
		{E8DB1054-400F-48C3-B876-5CCEF138CC3E}.Debug|Any CPU.ActiveCfg = Debug|Any CPU
		{E8DB1054-400F-48C3-B876-5CCEF138CC3E}.Debug|Any CPU.Build.0 = Debug|Any CPU
		{E8DB1054-400F-48C3-B876-5CCEF138CC3E}.Release|Any CPU.ActiveCfg = Release|Any CPU
		{E8DB1054-400F-48C3-B876-5CCEF138CC3E}.Release|Any CPU.Build.0 = Release|Any CPU
		{8758FBDB-9295-0DA5-31B6-DA01667F06FB}.Debug|Any CPU.ActiveCfg = Debug|Any CPU
		{8758FBDB-9295-0DA5-31B6-DA01667F06FB}.Debug|Any CPU.Build.0 = Debug|Any CPU
		{8758FBDB-9295-0DA5-31B6-DA01667F06FB}.Release|Any CPU.ActiveCfg = Release|Any CPU
		{8758FBDB-9295-0DA5-31B6-DA01667F06FB}.Release|Any CPU.Build.0 = Release|Any CPU
		{1C333AA2-315B-4177-90C5-20815E45E60F}.Debug|Any CPU.ActiveCfg = Debug|Any CPU
		{1C333AA2-315B-4177-90C5-20815E45E60F}.Debug|Any CPU.Build.0 = Debug|Any CPU
		{1C333AA2-315B-4177-90C5-20815E45E60F}.Release|Any CPU.ActiveCfg = Release|Any CPU
		{1C333AA2-315B-4177-90C5-20815E45E60F}.Release|Any CPU.Build.0 = Release|Any CPU
		{4A5E0D6C-0644-4551-BAD2-9010E0A5B144}.Debug|Any CPU.ActiveCfg = Debug|Any CPU
		{4A5E0D6C-0644-4551-BAD2-9010E0A5B144}.Debug|Any CPU.Build.0 = Debug|Any CPU
		{4A5E0D6C-0644-4551-BAD2-9010E0A5B144}.Release|Any CPU.ActiveCfg = Release|Any CPU
		{4A5E0D6C-0644-4551-BAD2-9010E0A5B144}.Release|Any CPU.Build.0 = Release|Any CPU
		{09D01F2D-A9C1-7ADF-ACF0-6CE8655624B3}.Debug|Any CPU.ActiveCfg = Debug|Any CPU
		{09D01F2D-A9C1-7ADF-ACF0-6CE8655624B3}.Debug|Any CPU.Build.0 = Debug|Any CPU
		{09D01F2D-A9C1-7ADF-ACF0-6CE8655624B3}.Release|Any CPU.ActiveCfg = Release|Any CPU
		{09D01F2D-A9C1-7ADF-ACF0-6CE8655624B3}.Release|Any CPU.Build.0 = Release|Any CPU
		{B8441293-5D7D-B752-6216-4C5005BF772D}.Debug|Any CPU.ActiveCfg = Debug|Any CPU
		{B8441293-5D7D-B752-6216-4C5005BF772D}.Debug|Any CPU.Build.0 = Debug|Any CPU
		{B8441293-5D7D-B752-6216-4C5005BF772D}.Release|Any CPU.ActiveCfg = Release|Any CPU
		{B8441293-5D7D-B752-6216-4C5005BF772D}.Release|Any CPU.Build.0 = Release|Any CPU
		{D7F347E4-C87C-CC1A-89F8-6D28A7CCB4B3}.Debug|Any CPU.ActiveCfg = Debug|Any CPU
		{D7F347E4-C87C-CC1A-89F8-6D28A7CCB4B3}.Debug|Any CPU.Build.0 = Debug|Any CPU
		{D7F347E4-C87C-CC1A-89F8-6D28A7CCB4B3}.Release|Any CPU.ActiveCfg = Release|Any CPU
		{D7F347E4-C87C-CC1A-89F8-6D28A7CCB4B3}.Release|Any CPU.Build.0 = Release|Any CPU
		{4303A972-6789-4373-9E70-513461A1689F}.Debug|Any CPU.ActiveCfg = Debug|Any CPU
		{4303A972-6789-4373-9E70-513461A1689F}.Debug|Any CPU.Build.0 = Debug|Any CPU
		{4303A972-6789-4373-9E70-513461A1689F}.Release|Any CPU.ActiveCfg = Release|Any CPU
		{4303A972-6789-4373-9E70-513461A1689F}.Release|Any CPU.Build.0 = Release|Any CPU
		{45E1CFB6-DFB3-49E1-9148-87FD9A972413}.Debug|Any CPU.ActiveCfg = Debug|Any CPU
		{45E1CFB6-DFB3-49E1-9148-87FD9A972413}.Debug|Any CPU.Build.0 = Debug|Any CPU
		{45E1CFB6-DFB3-49E1-9148-87FD9A972413}.Release|Any CPU.ActiveCfg = Release|Any CPU
		{45E1CFB6-DFB3-49E1-9148-87FD9A972413}.Release|Any CPU.Build.0 = Release|Any CPU
		{CC678E31-A928-4480-9C40-7959D1615F77}.Debug|Any CPU.ActiveCfg = Debug|Any CPU
		{CC678E31-A928-4480-9C40-7959D1615F77}.Debug|Any CPU.Build.0 = Debug|Any CPU
		{CC678E31-A928-4480-9C40-7959D1615F77}.Release|Any CPU.ActiveCfg = Release|Any CPU
		{CC678E31-A928-4480-9C40-7959D1615F77}.Release|Any CPU.Build.0 = Release|Any CPU
		{C7259701-A601-41FD-8593-ABA0F8C4C250}.Debug|Any CPU.ActiveCfg = Debug|Any CPU
		{C7259701-A601-41FD-8593-ABA0F8C4C250}.Debug|Any CPU.Build.0 = Debug|Any CPU
		{C7259701-A601-41FD-8593-ABA0F8C4C250}.Release|Any CPU.ActiveCfg = Release|Any CPU
		{C7259701-A601-41FD-8593-ABA0F8C4C250}.Release|Any CPU.Build.0 = Release|Any CPU
		{E0ADCA45-F983-8D64-E74B-D117D38989BD}.Debug|Any CPU.ActiveCfg = Debug|Any CPU
		{E0ADCA45-F983-8D64-E74B-D117D38989BD}.Debug|Any CPU.Build.0 = Debug|Any CPU
		{E0ADCA45-F983-8D64-E74B-D117D38989BD}.Release|Any CPU.ActiveCfg = Release|Any CPU
		{E0ADCA45-F983-8D64-E74B-D117D38989BD}.Release|Any CPU.Build.0 = Release|Any CPU
		{0B3D2F95-B6AD-4F2E-B647-CB664872C636}.Debug|Any CPU.ActiveCfg = Debug|Any CPU
		{0B3D2F95-B6AD-4F2E-B647-CB664872C636}.Debug|Any CPU.Build.0 = Debug|Any CPU
		{0B3D2F95-B6AD-4F2E-B647-CB664872C636}.Release|Any CPU.ActiveCfg = Release|Any CPU
		{0B3D2F95-B6AD-4F2E-B647-CB664872C636}.Release|Any CPU.Build.0 = Release|Any CPU
		{568C6080-A755-44E3-9EB5-EA79E678AB61}.Debug|Any CPU.ActiveCfg = Debug|Any CPU
		{568C6080-A755-44E3-9EB5-EA79E678AB61}.Debug|Any CPU.Build.0 = Debug|Any CPU
		{568C6080-A755-44E3-9EB5-EA79E678AB61}.Release|Any CPU.ActiveCfg = Release|Any CPU
		{568C6080-A755-44E3-9EB5-EA79E678AB61}.Release|Any CPU.Build.0 = Release|Any CPU
		{13EA441B-E72F-5CA2-D5D4-B3F52139D7CF}.Debug|Any CPU.ActiveCfg = Debug|Any CPU
		{13EA441B-E72F-5CA2-D5D4-B3F52139D7CF}.Debug|Any CPU.Build.0 = Debug|Any CPU
		{13EA441B-E72F-5CA2-D5D4-B3F52139D7CF}.Release|Any CPU.ActiveCfg = Release|Any CPU
		{13EA441B-E72F-5CA2-D5D4-B3F52139D7CF}.Release|Any CPU.Build.0 = Release|Any CPU
	EndGlobalSection
	GlobalSection(SolutionProperties) = preSolution
		HideSolutionNode = FALSE
	EndGlobalSection
	GlobalSection(NestedProjects) = preSolution
		{9089512C-0E33-4BEB-A4B0-A244C2DA7A72} = {DDB4EF12-CC4E-5E88-E6FC-71A802F4DE97}
		{C122D11C-26BC-FA15-8DEA-3C5295D6C490} = {DDB4EF12-CC4E-5E88-E6FC-71A802F4DE97}
		{DEF6A562-2E85-56D6-5E83-A75E175B449B} = {DDB4EF12-CC4E-5E88-E6FC-71A802F4DE97}
		{F8D52927-6E47-44B7-938B-9B6F5372A8BD} = {EEDDF83D-2C16-42B0-9E98-DD21A93B5923}
		{7C64BA69-D283-4526-8DE2-7CB72205F1AF} = {F8D52927-6E47-44B7-938B-9B6F5372A8BD}
		{B9B34EAB-B4EB-4731-A641-231C80218F50} = {FDAAE8C8-E005-4EAE-A45C-BBE6245E04C8}
		{162A57EC-A68D-49BA-9452-ED37921080B5} = {B9B34EAB-B4EB-4731-A641-231C80218F50}
		{CA05F54E-AB12-46D3-9005-128CF5F4F679} = {EEDDF83D-2C16-42B0-9E98-DD21A93B5923}
		{2E0975E7-B2CE-4200-ADA7-DDF75DC0D1E3} = {CA05F54E-AB12-46D3-9005-128CF5F4F679}
		{AF3A1593-75C9-449F-ADEE-0889ADE7EF86} = {EEDDF83D-2C16-42B0-9E98-DD21A93B5923}
		{526B4DB4-BFA3-4C08-A79C-6AAE881A1F15} = {AF3A1593-75C9-449F-ADEE-0889ADE7EF86}
		{E24627D3-C159-495E-B9EC-29632A75D197} = {AF3A1593-75C9-449F-ADEE-0889ADE7EF86}
		{3516765F-1D5A-4815-B9BF-DE91767CA8AC} = {727531ED-BA06-4A32-8A1C-C63467D9EE7F}
		{22674DCF-0E5A-4730-B758-8F564B4A5ED1} = {3516765F-1D5A-4815-B9BF-DE91767CA8AC}
		{83DC59A6-B226-4194-B79E-AE8EBB5B1F34} = {3516765F-1D5A-4815-B9BF-DE91767CA8AC}
		{4B417DBE-E07F-4C37-AC78-C0F16AABE5BE} = {727531ED-BA06-4A32-8A1C-C63467D9EE7F}
		{999FF9C8-AA2F-4101-BC67-7D85E4B96B4C} = {4B417DBE-E07F-4C37-AC78-C0F16AABE5BE}
		{7A436CC2-E6BB-4A59-89E1-8E8B89966A87} = {4B417DBE-E07F-4C37-AC78-C0F16AABE5BE}
		{3FACCE6A-3503-4EEC-B5B5-B92CDC9B06C6} = {FDAAE8C8-E005-4EAE-A45C-BBE6245E04C8}
		{6AD04D90-7ED6-49D5-9C82-2DFFAD1FE1A4} = {3FACCE6A-3503-4EEC-B5B5-B92CDC9B06C6}
		{2DFE39EE-192F-43DF-A5C8-1CA3D79CF689} = {FDAAE8C8-E005-4EAE-A45C-BBE6245E04C8}
		{F47B2F40-A668-48BF-8BB0-4F9D66327E5D} = {2DFE39EE-192F-43DF-A5C8-1CA3D79CF689}
		{56517D17-60CE-4BF9-8C5F-2E916A51FEA1} = {2DFE39EE-192F-43DF-A5C8-1CA3D79CF689}
		{FF6681A6-B094-4ECD-977A-B4B552349727} = {8B1AEADA-A005-4F94-87D5-DC6C0B3FA814}
		{909FCE52-8DF2-4286-B16E-D6495F6D43AD} = {A410CEDF-3CAC-43A3-B83A-9AF53D6E43BF}
		{8DAEBF2C-9916-4418-9D3E-9ECADC54451E} = {909FCE52-8DF2-4286-B16E-D6495F6D43AD}
		{FC2E60AA-E168-452D-8E46-C8F4E606BD48} = {A410CEDF-3CAC-43A3-B83A-9AF53D6E43BF}
		{71CBED0F-5830-4D30-9A89-D62E620AC2E7} = {FC2E60AA-E168-452D-8E46-C8F4E606BD48}
		{6A1C72E1-2214-4E89-8B2E-7CF36B117F90} = {A410CEDF-3CAC-43A3-B83A-9AF53D6E43BF}
		{86A39076-1D68-C09E-681B-A7BDF9E3B006} = {6A1C72E1-2214-4E89-8B2E-7CF36B117F90}
		{E6AAAE7F-925F-AE57-2239-D529BD25A767} = {6A1C72E1-2214-4E89-8B2E-7CF36B117F90}
		{F7E8B983-71F8-409A-8BF3-910810B7AB0F} = {6A1C72E1-2214-4E89-8B2E-7CF36B117F90}
		{6A4EAB60-4A86-4B41-A3E1-7A937C1F0694} = {9C6E5D36-6045-4B5A-B424-93FB7AF8E5A4}
		{E6B406ED-DE30-4A17-8CC9-F32CB14D8DAF} = {6A4EAB60-4A86-4B41-A3E1-7A937C1F0694}
		{03C4999E-AFB0-4740-9613-D9294BA372D5} = {9C6E5D36-6045-4B5A-B424-93FB7AF8E5A4}
		{23D981F6-BDAB-4BF9-867F-987B1158AE9F} = {03C4999E-AFB0-4740-9613-D9294BA372D5}
		{3696425A-420C-BF30-513B-BD7E1004CF9C} = {03C4999E-AFB0-4740-9613-D9294BA372D5}
		{766DC129-B7E6-6BE5-67FF-02794A6C9D6A} = {03C4999E-AFB0-4740-9613-D9294BA372D5}
		{4A4D3C97-F6DB-4B50-A117-EDC85CD4D0EC} = {9C6E5D36-6045-4B5A-B424-93FB7AF8E5A4}
		{E8DB1054-400F-48C3-B876-5CCEF138CC3E} = {4A4D3C97-F6DB-4B50-A117-EDC85CD4D0EC}
		{8758FBDB-9295-0DA5-31B6-DA01667F06FB} = {03C4999E-AFB0-4740-9613-D9294BA372D5}
		{978F02BD-64D6-4AF2-A180-D3EA9756AD9E} = {85F9C558-D556-4B53-9A26-4BFA77D3DFB5}
		{1C333AA2-315B-4177-90C5-20815E45E60F} = {85F9C558-D556-4B53-9A26-4BFA77D3DFB5}
		{4A5E0D6C-0644-4551-BAD2-9010E0A5B144} = {978F02BD-64D6-4AF2-A180-D3EA9756AD9E}
		{09D01F2D-A9C1-7ADF-ACF0-6CE8655624B3} = {978F02BD-64D6-4AF2-A180-D3EA9756AD9E}
		{B8441293-5D7D-B752-6216-4C5005BF772D} = {659B25DB-EE3D-4741-9789-E4F5CD22BC7D}
		{D7F347E4-C87C-CC1A-89F8-6D28A7CCB4B3} = {659B25DB-EE3D-4741-9789-E4F5CD22BC7D}
		{4303A972-6789-4373-9E70-513461A1689F} = {E08C5B24-9419-4C4D-A47E-2412BCBAE411}
		{45E1CFB6-DFB3-49E1-9148-87FD9A972413} = {E08C5B24-9419-4C4D-A47E-2412BCBAE411}
		{CC678E31-A928-4480-9C40-7959D1615F77} = {E08C5B24-9419-4C4D-A47E-2412BCBAE411}
		{9167E765-9C34-47BA-8D9C-0B326402E99C} = {E08C5B24-9419-4C4D-A47E-2412BCBAE411}
		{C7259701-A601-41FD-8593-ABA0F8C4C250} = {9167E765-9C34-47BA-8D9C-0B326402E99C}
		{E0ADCA45-F983-8D64-E74B-D117D38989BD} = {E08C5B24-9419-4C4D-A47E-2412BCBAE411}
		{0B3D2F95-B6AD-4F2E-B647-CB664872C636} = {7EE3EC36-7872-4491-AF49-5FB8BB84E36F}
		{97C018AF-7D9F-451D-A31E-88A41474EDA3} = {7EE3EC36-7872-4491-AF49-5FB8BB84E36F}
		{568C6080-A755-44E3-9EB5-EA79E678AB61} = {97C018AF-7D9F-451D-A31E-88A41474EDA3}
		{13EA441B-E72F-5CA2-D5D4-B3F52139D7CF} = {97C018AF-7D9F-451D-A31E-88A41474EDA3}
	EndGlobalSection
	GlobalSection(ExtensibilityGlobals) = postSolution
		SolutionGuid = {43EB0410-663A-4508-A050-B7D97B488933}
	EndGlobalSection
EndGlobal
