
Microsoft Visual Studio Solution File, Format Version 12.00
# Visual Studio Version 17
VisualStudioVersion = 17.14.36623.8
MinimumVisualStudioVersion = 10.0.40219.1
Project("{2150E333-8FDC-42A3-9474-1A3956D46DE8}") = "chapter00", "chapter00", "{DDB4EF12-CC4E-5E88-E6FC-71A802F4DE97}"
EndProject
Project("{FAE04EC0-301F-11D3-BF4B-00C04F79EFBC}") = "sample0416", "chapter00\sample0416\sample0416.csproj", "{9089512C-0E33-4BEB-A4B0-A244C2DA7A72}"
EndProject
Project("{FAE04EC0-301F-11D3-BF4B-00C04F79EFBC}") = "sample0415", "sample0415\sample0415\sample0415.csproj", "{C122D11C-26BC-FA15-8DEA-3C5295D6C490}"
EndProject
Project("{FAE04EC0-301F-11D3-BF4B-00C04F79EFBC}") = "sample0413", "sample0413\sample0413\sample0413.csproj", "{DEF6A562-2E85-56D6-5E83-A75E175B449B}"
EndProject
Project("{2150E333-8FDC-42A3-9474-1A3956D46DE8}") = "chapter01", "chapter01", "{0473F3A9-BF22-48D7-8B9D-8B65255EF2A6}"
EndProject
Project("{2150E333-8FDC-42A3-9474-1A3956D46DE8}") = "chapter02", "chapter02", "{EEDDF83D-2C16-42B0-9E98-DD21A93B5923}"
EndProject
Project("{2150E333-8FDC-42A3-9474-1A3956D46DE8}") = "kyorikannsannpuroguramu", "kyorikannsannpuroguramu", "{F8D52927-6E47-44B7-938B-9B6F5372A8BD}"
EndProject
Project("{FAE04EC0-301F-11D3-BF4B-00C04F79EFBC}") = "distanceconverter", "chapter02\距離感さんプログラム\distanceconverter\distanceconverter.csproj", "{7C64BA69-D283-4526-8DE2-7CB72205F1AF}"
EndProject
Project("{2150E333-8FDC-42A3-9474-1A3956D46DE8}") = "chapter04", "chapter04", "{FDAAE8C8-E005-4EAE-A45C-BBE6245E04C8}"
EndProject
Project("{2150E333-8FDC-42A3-9474-1A3956D46DE8}") = "文字列@p108", "文字列@p108", "{B9B34EAB-B4EB-4731-A641-231C80218F50}"
EndProject
Project("{FAE04EC0-301F-11D3-BF4B-00C04F79EFBC}") = "ko-do4_34", "chapter04\文字列@p108\ko-do4_34\ko-do4_34.csproj", "{162A57EC-A68D-49BA-9452-ED37921080B5}"
EndProject
Project("{2150E333-8FDC-42A3-9474-1A3956D46DE8}") = "uriagef", "uriagef", "{CA05F54E-AB12-46D3-9005-128CF5F4F679}"
EndProject
Project("{FAE04EC0-301F-11D3-BF4B-00C04F79EFBC}") = "SaleCalculder", "chapter02\集計\SaleCalculder\SaleCalculder.csproj", "{2E0975E7-B2CE-4200-ADA7-DDF75DC0D1E3}"
EndProject
Project("{2150E333-8FDC-42A3-9474-1A3956D46DE8}") = "演習問題", "演習問題", "{AF3A1593-75C9-449F-ADEE-0889ADE7EF86}"
EndProject
Project("{FAE04EC0-301F-11D3-BF4B-00C04F79EFBC}") = "exercise01", "chapter02\演習問題\exercise01\exercise01.csproj", "{526B4DB4-BFA3-4C08-A79C-6AAE881A1F15}"
EndProject
Project("{FAE04EC0-301F-11D3-BF4B-00C04F79EFBC}") = "exiciez2", "chapter02\演習問題\exesrics02\exiciez2\exiciez2.csproj", "{E24627D3-C159-495E-B9EC-29632A75D197}"
EndProject
Project("{2150E333-8FDC-42A3-9474-1A3956D46DE8}") = "c", "c", "{8B1AEADA-A005-4F94-87D5-DC6C0B3FA814}"
EndProject
Project("{2150E333-8FDC-42A3-9474-1A3956D46DE8}") = "Chapter03", "Chapter03", "{727531ED-BA06-4A32-8A1C-C63467D9EE7F}"
EndProject
Project("{2150E333-8FDC-42A3-9474-1A3956D46DE8}") = "ラムダ式とリンク", "ラムダ式とリンク", "{3516765F-1D5A-4815-B9BF-DE91767CA8AC}"
EndProject
Project("{FAE04EC0-301F-11D3-BF4B-00C04F79EFBC}") = "section01", "Chapter03\ラムダ式とリンク\section01\section01.csproj", "{22674DCF-0E5A-4730-B758-8F564B4A5ED1}"
EndProject
Project("{FAE04EC0-301F-11D3-BF4B-00C04F79EFBC}") = "section04", "Chapter03\ラムダ式とリンク\section04\section04\section04.csproj", "{83DC59A6-B226-4194-B79E-AE8EBB5B1F34}"
EndProject
Project("{2150E333-8FDC-42A3-9474-1A3956D46DE8}") = "演習問題", "演習問題", "{4B417DBE-E07F-4C37-AC78-C0F16AABE5BE}"
EndProject
Project("{FAE04EC0-301F-11D3-BF4B-00C04F79EFBC}") = "exisis01", "Chapter03\演習問題\exisis01\exisis01.csproj", "{999FF9C8-AA2F-4101-BC67-7D85E4B96B4C}"
EndProject
Project("{FAE04EC0-301F-11D3-BF4B-00C04F79EFBC}") = "exisis02", "Chapter03\演習問題\exisis02\exisis02.csproj", "{7A436CC2-E6BB-4A59-89E1-8E8B89966A87}"
EndProject
Project("{2150E333-8FDC-42A3-9474-1A3956D46DE8}") = "Solution Items", "Solution Items", "{71F70DDB-5F79-4907-AD80-9E78548882A0}"
	ProjectSection(SolutionItems) = preProject
		.editorconfig = .editorconfig
	EndProjectSection
EndProject
Project("{2150E333-8FDC-42A3-9474-1A3956D46DE8}") = "0000NULL意で亜夢1", "0000NULL意で亜夢1", "{3FACCE6A-3503-4EEC-B5B5-B92CDC9B06C6}"
EndProject
Project("{FAE04EC0-301F-11D3-BF4B-00C04F79EFBC}") = "secsion04", "chapter04\NULLに関数類であ\secsion04\secsion04.csproj", "{6AD04D90-7ED6-49D5-9C82-2DFFAD1FE1A4}"
EndProject
Global
	GlobalSection(SolutionConfigurationPlatforms) = preSolution
		Debug|Any CPU = Debug|Any CPU
		Release|Any CPU = Release|Any CPU
	EndGlobalSection
	GlobalSection(ProjectConfigurationPlatforms) = postSolution
		{9089512C-0E33-4BEB-A4B0-A244C2DA7A72}.Debug|Any CPU.ActiveCfg = Debug|Any CPU
		{9089512C-0E33-4BEB-A4B0-A244C2DA7A72}.Debug|Any CPU.Build.0 = Debug|Any CPU
		{9089512C-0E33-4BEB-A4B0-A244C2DA7A72}.Release|Any CPU.ActiveCfg = Release|Any CPU
		{9089512C-0E33-4BEB-A4B0-A244C2DA7A72}.Release|Any CPU.Build.0 = Release|Any CPU
		{C122D11C-26BC-FA15-8DEA-3C5295D6C490}.Debug|Any CPU.ActiveCfg = Debug|Any CPU
		{C122D11C-26BC-FA15-8DEA-3C5295D6C490}.Debug|Any CPU.Build.0 = Debug|Any CPU
		{C122D11C-26BC-FA15-8DEA-3C5295D6C490}.Release|Any CPU.ActiveCfg = Release|Any CPU
		{C122D11C-26BC-FA15-8DEA-3C5295D6C490}.Release|Any CPU.Build.0 = Release|Any CPU
		{DEF6A562-2E85-56D6-5E83-A75E175B449B}.Debug|Any CPU.ActiveCfg = Debug|Any CPU
		{DEF6A562-2E85-56D6-5E83-A75E175B449B}.Debug|Any CPU.Build.0 = Debug|Any CPU
		{DEF6A562-2E85-56D6-5E83-A75E175B449B}.Release|Any CPU.ActiveCfg = Release|Any CPU
		{DEF6A562-2E85-56D6-5E83-A75E175B449B}.Release|Any CPU.Build.0 = Release|Any CPU
		{7C64BA69-D283-4526-8DE2-7CB72205F1AF}.Debug|Any CPU.ActiveCfg = Debug|Any CPU
		{7C64BA69-D283-4526-8DE2-7CB72205F1AF}.Debug|Any CPU.Build.0 = Debug|Any CPU
		{7C64BA69-D283-4526-8DE2-7CB72205F1AF}.Release|Any CPU.ActiveCfg = Release|Any CPU
		{7C64BA69-D283-4526-8DE2-7CB72205F1AF}.Release|Any CPU.Build.0 = Release|Any CPU
		{162A57EC-A68D-49BA-9452-ED37921080B5}.Debug|Any CPU.ActiveCfg = Debug|Any CPU
		{162A57EC-A68D-49BA-9452-ED37921080B5}.Debug|Any CPU.Build.0 = Debug|Any CPU
		{162A57EC-A68D-49BA-9452-ED37921080B5}.Release|Any CPU.ActiveCfg = Release|Any CPU
		{162A57EC-A68D-49BA-9452-ED37921080B5}.Release|Any CPU.Build.0 = Release|Any CPU
		{2E0975E7-B2CE-4200-ADA7-DDF75DC0D1E3}.Debug|Any CPU.ActiveCfg = Debug|Any CPU
		{2E0975E7-B2CE-4200-ADA7-DDF75DC0D1E3}.Debug|Any CPU.Build.0 = Debug|Any CPU
		{2E0975E7-B2CE-4200-ADA7-DDF75DC0D1E3}.Release|Any CPU.ActiveCfg = Release|Any CPU
		{2E0975E7-B2CE-4200-ADA7-DDF75DC0D1E3}.Release|Any CPU.Build.0 = Release|Any CPU
		{526B4DB4-BFA3-4C08-A79C-6AAE881A1F15}.Debug|Any CPU.ActiveCfg = Debug|Any CPU
		{526B4DB4-BFA3-4C08-A79C-6AAE881A1F15}.Debug|Any CPU.Build.0 = Debug|Any CPU
		{526B4DB4-BFA3-4C08-A79C-6AAE881A1F15}.Release|Any CPU.ActiveCfg = Release|Any CPU
		{526B4DB4-BFA3-4C08-A79C-6AAE881A1F15}.Release|Any CPU.Build.0 = Release|Any CPU
		{E24627D3-C159-495E-B9EC-29632A75D197}.Debug|Any CPU.ActiveCfg = Debug|Any CPU
		{E24627D3-C159-495E-B9EC-29632A75D197}.Debug|Any CPU.Build.0 = Debug|Any CPU
		{E24627D3-C159-495E-B9EC-29632A75D197}.Release|Any CPU.ActiveCfg = Release|Any CPU
		{E24627D3-C159-495E-B9EC-29632A75D197}.Release|Any CPU.Build.0 = Release|Any CPU
		{22674DCF-0E5A-4730-B758-8F564B4A5ED1}.Debug|Any CPU.ActiveCfg = Debug|Any CPU
		{22674DCF-0E5A-4730-B758-8F564B4A5ED1}.Debug|Any CPU.Build.0 = Debug|Any CPU
		{22674DCF-0E5A-4730-B758-8F564B4A5ED1}.Release|Any CPU.ActiveCfg = Release|Any CPU
		{22674DCF-0E5A-4730-B758-8F564B4A5ED1}.Release|Any CPU.Build.0 = Release|Any CPU
		{83DC59A6-B226-4194-B79E-AE8EBB5B1F34}.Debug|Any CPU.ActiveCfg = Debug|Any CPU
		{83DC59A6-B226-4194-B79E-AE8EBB5B1F34}.Debug|Any CPU.Build.0 = Debug|Any CPU
		{83DC59A6-B226-4194-B79E-AE8EBB5B1F34}.Release|Any CPU.ActiveCfg = Release|Any CPU
		{83DC59A6-B226-4194-B79E-AE8EBB5B1F34}.Release|Any CPU.Build.0 = Release|Any CPU
		{999FF9C8-AA2F-4101-BC67-7D85E4B96B4C}.Debug|Any CPU.ActiveCfg = Debug|Any CPU
		{999FF9C8-AA2F-4101-BC67-7D85E4B96B4C}.Debug|Any CPU.Build.0 = Debug|Any CPU
		{999FF9C8-AA2F-4101-BC67-7D85E4B96B4C}.Release|Any CPU.ActiveCfg = Release|Any CPU
		{999FF9C8-AA2F-4101-BC67-7D85E4B96B4C}.Release|Any CPU.Build.0 = Release|Any CPU
		{7A436CC2-E6BB-4A59-89E1-8E8B89966A87}.Debug|Any CPU.ActiveCfg = Debug|Any CPU
		{7A436CC2-E6BB-4A59-89E1-8E8B89966A87}.Debug|Any CPU.Build.0 = Debug|Any CPU
		{7A436CC2-E6BB-4A59-89E1-8E8B89966A87}.Release|Any CPU.ActiveCfg = Release|Any CPU
		{7A436CC2-E6BB-4A59-89E1-8E8B89966A87}.Release|Any CPU.Build.0 = Release|Any CPU
		{6AD04D90-7ED6-49D5-9C82-2DFFAD1FE1A4}.Debug|Any CPU.ActiveCfg = Debug|Any CPU
		{6AD04D90-7ED6-49D5-9C82-2DFFAD1FE1A4}.Debug|Any CPU.Build.0 = Debug|Any CPU
		{6AD04D90-7ED6-49D5-9C82-2DFFAD1FE1A4}.Release|Any CPU.ActiveCfg = Release|Any CPU
		{6AD04D90-7ED6-49D5-9C82-2DFFAD1FE1A4}.Release|Any CPU.Build.0 = Release|Any CPU
	EndGlobalSection
	GlobalSection(SolutionProperties) = preSolution
		HideSolutionNode = FALSE
	EndGlobalSection
	GlobalSection(NestedProjects) = preSolution
		{9089512C-0E33-4BEB-A4B0-A244C2DA7A72} = {DDB4EF12-CC4E-5E88-E6FC-71A802F4DE97}
		{C122D11C-26BC-FA15-8DEA-3C5295D6C490} = {DDB4EF12-CC4E-5E88-E6FC-71A802F4DE97}
		{DEF6A562-2E85-56D6-5E83-A75E175B449B} = {DDB4EF12-CC4E-5E88-E6FC-71A802F4DE97}
		{F8D52927-6E47-44B7-938B-9B6F5372A8BD} = {EEDDF83D-2C16-42B0-9E98-DD21A93B5923}
		{7C64BA69-D283-4526-8DE2-7CB72205F1AF} = {F8D52927-6E47-44B7-938B-9B6F5372A8BD}
		{B9B34EAB-B4EB-4731-A641-231C80218F50} = {FDAAE8C8-E005-4EAE-A45C-BBE6245E04C8}
		{162A57EC-A68D-49BA-9452-ED37921080B5} = {B9B34EAB-B4EB-4731-A641-231C80218F50}
		{CA05F54E-AB12-46D3-9005-128CF5F4F679} = {EEDDF83D-2C16-42B0-9E98-DD21A93B5923}
		{2E0975E7-B2CE-4200-ADA7-DDF75DC0D1E3} = {CA05F54E-AB12-46D3-9005-128CF5F4F679}
		{AF3A1593-75C9-449F-ADEE-0889ADE7EF86} = {EEDDF83D-2C16-42B0-9E98-DD21A93B5923}
		{526B4DB4-BFA3-4C08-A79C-6AAE881A1F15} = {AF3A1593-75C9-449F-ADEE-0889ADE7EF86}
		{E24627D3-C159-495E-B9EC-29632A75D197} = {AF3A1593-75C9-449F-ADEE-0889ADE7EF86}
		{3516765F-1D5A-4815-B9BF-DE91767CA8AC} = {727531ED-BA06-4A32-8A1C-C63467D9EE7F}
		{22674DCF-0E5A-4730-B758-8F564B4A5ED1} = {3516765F-1D5A-4815-B9BF-DE91767CA8AC}
		{83DC59A6-B226-4194-B79E-AE8EBB5B1F34} = {3516765F-1D5A-4815-B9BF-DE91767CA8AC}
		{4B417DBE-E07F-4C37-AC78-C0F16AABE5BE} = {727531ED-BA06-4A32-8A1C-C63467D9EE7F}
		{999FF9C8-AA2F-4101-BC67-7D85E4B96B4C} = {4B417DBE-E07F-4C37-AC78-C0F16AABE5BE}
		{7A436CC2-E6BB-4A59-89E1-8E8B89966A87} = {4B417DBE-E07F-4C37-AC78-C0F16AABE5BE}
		{3FACCE6A-3503-4EEC-B5B5-B92CDC9B06C6} = {FDAAE8C8-E005-4EAE-A45C-BBE6245E04C8}
		{6AD04D90-7ED6-49D5-9C82-2DFFAD1FE1A4} = {3FACCE6A-3503-4EEC-B5B5-B92CDC9B06C6}
	EndGlobalSection
	GlobalSection(ExtensibilityGlobals) = postSolution
		SolutionGuid = {43EB0410-663A-4508-A050-B7D97B488933}
	EndGlobalSection
EndGlobal
